
Microsoft Visual Studio Solution File, Format Version 12.00
# Visual Studio Version 17
VisualStudioVersion = 17.7.34031.279
MinimumVisualStudioVersion = 10.0.40219.1
Project("{2150E333-8FDC-42A3-9474-1A3956D46DE8}") = "PoS.Microservices", "PoS.Microservices", "{7C32E415-684F-4E19-AFC3-52BA600559B1}"
EndProject
Project("{2150E333-8FDC-42A3-9474-1A3956D46DE8}") = "PoS.Infra", "PoS.Infra", "{B802958E-96EF-4D60-A639-0EC80F021DD2}"
EndProject
Project("{9A19103F-16F7-4668-BE54-9A1E7A4F7556}") = "PoS.Order.Communication", "PoS.Order.Communication\PoS.Order.Communication.csproj", "{8832E4EF-5566-4BF2-83EA-B819646679F0}"
EndProject
Project("{9A19103F-16F7-4668-BE54-9A1E7A4F7556}") = "PoS.Order.Domain", "PoS.Order.Domain\PoS.Order.Domain.csproj", "{B35A5F55-AAF4-4553-BDBB-D4FC9ED2CC02}"
EndProject
Project("{9A19103F-16F7-4668-BE54-9A1E7A4F7556}") = "PoS.Order.Data", "PoS.Order.Data\PoS.Order.Data.csproj", "{23E9B661-9F09-4C21-B89D-906761CAFA48}"
EndProject
Project("{9A19103F-16F7-4668-BE54-9A1E7A4F7556}") = "PoS.Infra.Order", "PoS.Infra.Order\PoS.Infra.Order.csproj", "{876F127E-78A4-4CC6-B2C3-E4A492030CB6}"
EndProject
Project("{9A19103F-16F7-4668-BE54-9A1E7A4F7556}") = "PoS.Infra", "PoS.Infra\PoS.Infra.csproj", "{9A1F379A-0B0F-4082-AEB2-F1FA73991508}"
EndProject
Project("{9A19103F-16F7-4668-BE54-9A1E7A4F7556}") = "PoS.Infra.Domain", "PoS.Infra.Domain\PoS.Infra.Domain.csproj", "{48984F07-C201-4D46-BD39-311F72D760AA}"
EndProject
Project("{2150E333-8FDC-42A3-9474-1A3956D46DE8}") = "PoS.IoC", "PoS.IoC", "{24DF2809-748C-452C-8C34-26978C69D72E}"
EndProject
Project("{9A19103F-16F7-4668-BE54-9A1E7A4F7556}") = "PoS.IoC.Services", "PoS.IoC.Services\PoS.IoC.Services.csproj", "{A99B2EC3-E7FE-45A9-BA8F-0F482A2817F9}"
EndProject
Project("{2150E333-8FDC-42A3-9474-1A3956D46DE8}") = "PoS.UnitTests", "PoS.UnitTests", "{5D4E9481-5839-45D4-8564-4DE1892EF27B}"
EndProject
Project("{FAE04EC0-301F-11D3-BF4B-00C04F79EFBC}") = "PoS.UnitTests", "PoS.UnitTests\PoS.UnitTests.csproj", "{033AFDF9-7E9C-4607-9F10-5FD07BDD8CEA}"
EndProject
Project("{FAE04EC0-301F-11D3-BF4B-00C04F79EFBC}") = "PoS.Infra.Messaging", "PoS.Infra.Messaging\PoS.Infra.Messaging.csproj", "{C3141CB5-0519-4B6E-A948-3C9AA970790A}"
EndProject
Project("{FAE04EC0-301F-11D3-BF4B-00C04F79EFBC}") = "PoS.Infra.Messaging.Domain", "PoS.Infra.Messaging.Domain\PoS.Infra.Messaging.Domain.csproj", "{7703147E-FD18-4E9E-8CAE-8F460389475C}"
EndProject
Project("{2150E333-8FDC-42A3-9474-1A3956D46DE8}") = "PoS.Domains", "PoS.Domains", "{4C139D9C-628D-4FF0-9B42-1EFABA628090}"
EndProject
Project("{2150E333-8FDC-42A3-9474-1A3956D46DE8}") = "PoS.Data", "PoS.Data", "{22EEE9AB-DDA3-4B31-A91C-6DBE266AA144}"
EndProject
Global
	GlobalSection(SolutionConfigurationPlatforms) = preSolution
		Debug|Any CPU = Debug|Any CPU
		Release|Any CPU = Release|Any CPU
	EndGlobalSection
	GlobalSection(ProjectConfigurationPlatforms) = postSolution
		{8832E4EF-5566-4BF2-83EA-B819646679F0}.Debug|Any CPU.ActiveCfg = Debug|Any CPU
		{8832E4EF-5566-4BF2-83EA-B819646679F0}.Debug|Any CPU.Build.0 = Debug|Any CPU
		{8832E4EF-5566-4BF2-83EA-B819646679F0}.Release|Any CPU.ActiveCfg = Release|Any CPU
		{8832E4EF-5566-4BF2-83EA-B819646679F0}.Release|Any CPU.Build.0 = Release|Any CPU
		{B35A5F55-AAF4-4553-BDBB-D4FC9ED2CC02}.Debug|Any CPU.ActiveCfg = Debug|Any CPU
		{B35A5F55-AAF4-4553-BDBB-D4FC9ED2CC02}.Debug|Any CPU.Build.0 = Debug|Any CPU
		{B35A5F55-AAF4-4553-BDBB-D4FC9ED2CC02}.Release|Any CPU.ActiveCfg = Release|Any CPU
		{B35A5F55-AAF4-4553-BDBB-D4FC9ED2CC02}.Release|Any CPU.Build.0 = Release|Any CPU
		{23E9B661-9F09-4C21-B89D-906761CAFA48}.Debug|Any CPU.ActiveCfg = Debug|Any CPU
		{23E9B661-9F09-4C21-B89D-906761CAFA48}.Debug|Any CPU.Build.0 = Debug|Any CPU
		{23E9B661-9F09-4C21-B89D-906761CAFA48}.Release|Any CPU.ActiveCfg = Release|Any CPU
		{23E9B661-9F09-4C21-B89D-906761CAFA48}.Release|Any CPU.Build.0 = Release|Any CPU
		{876F127E-78A4-4CC6-B2C3-E4A492030CB6}.Debug|Any CPU.ActiveCfg = Debug|Any CPU
		{876F127E-78A4-4CC6-B2C3-E4A492030CB6}.Debug|Any CPU.Build.0 = Debug|Any CPU
		{876F127E-78A4-4CC6-B2C3-E4A492030CB6}.Release|Any CPU.ActiveCfg = Release|Any CPU
		{876F127E-78A4-4CC6-B2C3-E4A492030CB6}.Release|Any CPU.Build.0 = Release|Any CPU
		{9A1F379A-0B0F-4082-AEB2-F1FA73991508}.Debug|Any CPU.ActiveCfg = Debug|Any CPU
		{9A1F379A-0B0F-4082-AEB2-F1FA73991508}.Debug|Any CPU.Build.0 = Debug|Any CPU
		{9A1F379A-0B0F-4082-AEB2-F1FA73991508}.Release|Any CPU.ActiveCfg = Release|Any CPU
		{9A1F379A-0B0F-4082-AEB2-F1FA73991508}.Release|Any CPU.Build.0 = Release|Any CPU
		{48984F07-C201-4D46-BD39-311F72D760AA}.Debug|Any CPU.ActiveCfg = Debug|Any CPU
		{48984F07-C201-4D46-BD39-311F72D760AA}.Debug|Any CPU.Build.0 = Debug|Any CPU
		{48984F07-C201-4D46-BD39-311F72D760AA}.Release|Any CPU.ActiveCfg = Release|Any CPU
		{48984F07-C201-4D46-BD39-311F72D760AA}.Release|Any CPU.Build.0 = Release|Any CPU
		{A99B2EC3-E7FE-45A9-BA8F-0F482A2817F9}.Debug|Any CPU.ActiveCfg = Debug|Any CPU
		{A99B2EC3-E7FE-45A9-BA8F-0F482A2817F9}.Debug|Any CPU.Build.0 = Debug|Any CPU
		{A99B2EC3-E7FE-45A9-BA8F-0F482A2817F9}.Release|Any CPU.ActiveCfg = Release|Any CPU
		{A99B2EC3-E7FE-45A9-BA8F-0F482A2817F9}.Release|Any CPU.Build.0 = Release|Any CPU
		{033AFDF9-7E9C-4607-9F10-5FD07BDD8CEA}.Debug|Any CPU.ActiveCfg = Debug|Any CPU
		{033AFDF9-7E9C-4607-9F10-5FD07BDD8CEA}.Debug|Any CPU.Build.0 = Debug|Any CPU
		{033AFDF9-7E9C-4607-9F10-5FD07BDD8CEA}.Release|Any CPU.ActiveCfg = Release|Any CPU
		{033AFDF9-7E9C-4607-9F10-5FD07BDD8CEA}.Release|Any CPU.Build.0 = Release|Any CPU
		{C3141CB5-0519-4B6E-A948-3C9AA970790A}.Debug|Any CPU.ActiveCfg = Debug|Any CPU
		{C3141CB5-0519-4B6E-A948-3C9AA970790A}.Debug|Any CPU.Build.0 = Debug|Any CPU
		{C3141CB5-0519-4B6E-A948-3C9AA970790A}.Release|Any CPU.ActiveCfg = Release|Any CPU
		{C3141CB5-0519-4B6E-A948-3C9AA970790A}.Release|Any CPU.Build.0 = Release|Any CPU
		{7703147E-FD18-4E9E-8CAE-8F460389475C}.Debug|Any CPU.ActiveCfg = Debug|Any CPU
		{7703147E-FD18-4E9E-8CAE-8F460389475C}.Debug|Any CPU.Build.0 = Debug|Any CPU
		{7703147E-FD18-4E9E-8CAE-8F460389475C}.Release|Any CPU.ActiveCfg = Release|Any CPU
		{7703147E-FD18-4E9E-8CAE-8F460389475C}.Release|Any CPU.Build.0 = Release|Any CPU
	EndGlobalSection
	GlobalSection(SolutionProperties) = preSolution
		HideSolutionNode = FALSE
	EndGlobalSection
	GlobalSection(NestedProjects) = preSolution
		{8832E4EF-5566-4BF2-83EA-B819646679F0} = {7C32E415-684F-4E19-AFC3-52BA600559B1}
		{B35A5F55-AAF4-4553-BDBB-D4FC9ED2CC02} = {4C139D9C-628D-4FF0-9B42-1EFABA628090}
		{23E9B661-9F09-4C21-B89D-906761CAFA48} = {22EEE9AB-DDA3-4B31-A91C-6DBE266AA144}
		{876F127E-78A4-4CC6-B2C3-E4A492030CB6} = {B802958E-96EF-4D60-A639-0EC80F021DD2}
		{9A1F379A-0B0F-4082-AEB2-F1FA73991508} = {B802958E-96EF-4D60-A639-0EC80F021DD2}
		{48984F07-C201-4D46-BD39-311F72D760AA} = {4C139D9C-628D-4FF0-9B42-1EFABA628090}
		{A99B2EC3-E7FE-45A9-BA8F-0F482A2817F9} = {24DF2809-748C-452C-8C34-26978C69D72E}
		{033AFDF9-7E9C-4607-9F10-5FD07BDD8CEA} = {5D4E9481-5839-45D4-8564-4DE1892EF27B}
		{C3141CB5-0519-4B6E-A948-3C9AA970790A} = {B802958E-96EF-4D60-A639-0EC80F021DD2}
		{7703147E-FD18-4E9E-8CAE-8F460389475C} = {4C139D9C-628D-4FF0-9B42-1EFABA628090}
	EndGlobalSection
	GlobalSection(ExtensibilityGlobals) = postSolution
		SolutionGuid = {6F16B26D-3CA8-4716-8D9E-01955A3E442E}
	EndGlobalSection
EndGlobal
